
Microsoft Visual Studio Solution File, Format Version 12.00
# Visual Studio Version 17
VisualStudioVersion = 17.3.32825.248
MinimumVisualStudioVersion = 10.0.40219.1
Project("{FAE04EC0-301F-11D3-BF4B-00C04F79EFBC}") = "Cumulative_Project_Najib_Osman", "Cumulative_Project_Najib_Osman\Cumulative_Project_Najib_Osman.csproj", "{5492FBE7-6D44-4BA3-B7A4-164F6DB83A61}"
EndProject
Global
	GlobalSection(SolutionConfigurationPlatforms) = preSolution
		Debug|Any CPU = Debug|Any CPU
		Release|Any CPU = Release|Any CPU
	EndGlobalSection
	GlobalSection(ProjectConfigurationPlatforms) = postSolution
		{5492FBE7-6D44-4BA3-B7A4-164F6DB83A61}.Debug|Any CPU.ActiveCfg = Debug|Any CPU
		{5492FBE7-6D44-4BA3-B7A4-164F6DB83A61}.Debug|Any CPU.Build.0 = Debug|Any CPU
		{5492FBE7-6D44-4BA3-B7A4-164F6DB83A61}.Release|Any CPU.ActiveCfg = Release|Any CPU
		{5492FBE7-6D44-4BA3-B7A4-164F6DB83A61}.Release|Any CPU.Build.0 = Release|Any CPU
	EndGlobalSection
	GlobalSection(SolutionProperties) = preSolution
		HideSolutionNode = FALSE
	EndGlobalSection
	GlobalSection(ExtensibilityGlobals) = postSolution
		SolutionGuid = {F7E5D423-C2E9-422F-8C56-B8857CC8129A}
	EndGlobalSection
EndGlobal
